// !$*UTF8*$!
{
	archiveVersion = 1;
	classes = {
	};
	objectVersion = 77;
	objects = {

/* Begin PBXBuildFile section */
		4D0269812D99521C00572EA7 /* RxCocoa in Frameworks */ = {isa = PBXBuildFile; productRef = 4D0269802D99521C00572EA7 /* RxCocoa */; };
		4D0269832D99521C00572EA7 /* RxSwift in Frameworks */ = {isa = PBXBuildFile; productRef = 4D0269822D99521C00572EA7 /* RxSwift */; };
		4D0269862D99523500572EA7 /* SnapKit in Frameworks */ = {isa = PBXBuildFile; productRef = 4D0269852D99523500572EA7 /* SnapKit */; };
		4D0269892D99525100572EA7 /* Kingfisher in Frameworks */ = {isa = PBXBuildFile; productRef = 4D0269882D99525100572EA7 /* Kingfisher */; };
		4D02698C2D99527E00572EA7 /* RealmSwift in Frameworks */ = {isa = PBXBuildFile; productRef = 4D02698B2D99527E00572EA7 /* RealmSwift */; };
		4D0269A62D995C9C00572EA7 /* Alamofire in Frameworks */ = {isa = PBXBuildFile; productRef = 4D0269A52D995C9C00572EA7 /* Alamofire */; };
		4D0269A72D9969AF00572EA7 /* RealmSwift in Embed Frameworks */ = {isa = PBXBuildFile; productRef = 4D02698B2D99527E00572EA7 /* RealmSwift */; settings = {ATTRIBUTES = (CodeSignOnCopy, ); }; };
		4D06C7722D999BA0006BB756 /* APIKey.swift in Sources */ = {isa = PBXBuildFile; fileRef = 4D06C7712D999BA0006BB756 /* APIKey.swift */; };
		4D71DA342D95873C004E38AE /* README.md in Resources */ = {isa = PBXBuildFile; fileRef = 4D71DA332D95873C004E38AE /* README.md */; };
/* End PBXBuildFile section */

/* Begin PBXCopyFilesBuildPhase section */
		4D0269A82D9969AF00572EA7 /* Embed Frameworks */ = {
			isa = PBXCopyFilesBuildPhase;
			buildActionMask = 2147483647;
			dstPath = "";
			dstSubfolderSpec = 10;
			files = (
				4D0269A72D9969AF00572EA7 /* RealmSwift in Embed Frameworks */,
			);
			name = "Embed Frameworks";
			runOnlyForDeploymentPostprocessing = 0;
		};
/* End PBXCopyFilesBuildPhase section */

/* Begin PBXFileReference section */
		4D06C7712D999BA0006BB756 /* APIKey.swift */ = {isa = PBXFileReference; lastKnownFileType = sourcecode.swift; path = APIKey.swift; sourceTree = "<group>"; };
		4D5225E12D9DFA210013C29C /* MEOWIARY.xcodeproj */ = {isa = PBXFileReference; lastKnownFileType = "wrapper.pb-project"; path = MEOWIARY.xcodeproj; sourceTree = "<group>"; };
		4D71D97A2D958717004E38AE /* MEOWIARY.app */ = {isa = PBXFileReference; explicitFileType = wrapper.application; includeInIndex = 0; path = MEOWIARY.app; sourceTree = BUILT_PRODUCTS_DIR; };
		4D71DA332D95873C004E38AE /* README.md */ = {isa = PBXFileReference; lastKnownFileType = net.daringfireball.markdown; path = README.md; sourceTree = "<group>"; };
/* End PBXFileReference section */

/* Begin PBXFileSystemSynchronizedBuildFileExceptionSet section */
		4D71D98C2D958719004E38AE /* Exceptions for "MEOWIARY" folder in "MEOWIARY" target */ = {
			isa = PBXFileSystemSynchronizedBuildFileExceptionSet;
			membershipExceptions = (
				Application/Info.plist,
			);
			target = 4D71D9792D958717004E38AE /* MEOWIARY */;
		};
/* End PBXFileSystemSynchronizedBuildFileExceptionSet section */

/* Begin PBXFileSystemSynchronizedRootGroup section */
		4D71D97C2D958717004E38AE /* MEOWIARY */ = {
			isa = PBXFileSystemSynchronizedRootGroup;
			exceptions = (
				4D71D98C2D958719004E38AE /* Exceptions for "MEOWIARY" folder in "MEOWIARY" target */,
			);
			path = MEOWIARY;
			sourceTree = "<group>";
		};
/* End PBXFileSystemSynchronizedRootGroup section */

/* Begin PBXFrameworksBuildPhase section */
		4D71D9772D958717004E38AE /* Frameworks */ = {
			isa = PBXFrameworksBuildPhase;
			buildActionMask = 2147483647;
			files = (
				4D0269892D99525100572EA7 /* Kingfisher in Frameworks */,
				4D0269862D99523500572EA7 /* SnapKit in Frameworks */,
				4D0269832D99521C00572EA7 /* RxSwift in Frameworks */,
				4D0269A62D995C9C00572EA7 /* Alamofire in Frameworks */,
				4D02698C2D99527E00572EA7 /* RealmSwift in Frameworks */,
				4D0269812D99521C00572EA7 /* RxCocoa in Frameworks */,
			);
			runOnlyForDeploymentPostprocessing = 0;
		};
/* End PBXFrameworksBuildPhase section */

/* Begin PBXGroup section */
		4D5225E22D9DFA210013C29C /* Products */ = {
			isa = PBXGroup;
			children = (
			);
			name = Products;
			sourceTree = "<group>";
		};
		4D71D9712D958717004E38AE = {
			isa = PBXGroup;
			children = (
				4D06C7712D999BA0006BB756 /* APIKey.swift */,
				4D71DA332D95873C004E38AE /* README.md */,
				4D71D97C2D958717004E38AE /* MEOWIARY */,
				4D71D97B2D958717004E38AE /* Products */,
			);
			sourceTree = "<group>";
		};
		4D71D97B2D958717004E38AE /* Products */ = {
			isa = PBXGroup;
			children = (
				4D71D97A2D958717004E38AE /* MEOWIARY.app */,
			);
			name = Products;
			sourceTree = "<group>";
		};
/* End PBXGroup section */

/* Begin PBXNativeTarget section */
		4D71D9792D958717004E38AE /* MEOWIARY */ = {
			isa = PBXNativeTarget;
			buildConfigurationList = 4D71D98D2D958719004E38AE /* Build configuration list for PBXNativeTarget "MEOWIARY" */;
			buildPhases = (
				4D71D9762D958717004E38AE /* Sources */,
				4D71D9772D958717004E38AE /* Frameworks */,
				4D71D9782D958717004E38AE /* Resources */,
				4D0269A82D9969AF00572EA7 /* Embed Frameworks */,
			);
			buildRules = (
			);
			dependencies = (
			);
			fileSystemSynchronizedGroups = (
				4D71D97C2D958717004E38AE /* MEOWIARY */,
			);
			name = MEOWIARY;
			packageProductDependencies = (
				4D0269802D99521C00572EA7 /* RxCocoa */,
				4D0269822D99521C00572EA7 /* RxSwift */,
				4D0269852D99523500572EA7 /* SnapKit */,
				4D0269882D99525100572EA7 /* Kingfisher */,
				4D02698B2D99527E00572EA7 /* RealmSwift */,
				4D0269A52D995C9C00572EA7 /* Alamofire */,
			);
			productName = MEOWIARY;
			productReference = 4D71D97A2D958717004E38AE /* MEOWIARY.app */;
			productType = "com.apple.product-type.application";
		};
/* End PBXNativeTarget section */

/* Begin PBXProject section */
		4D71D9722D958717004E38AE /* Project object */ = {
			isa = PBXProject;
			attributes = {
				BuildIndependentTargetsInParallel = 1;
				LastSwiftUpdateCheck = 1620;
				LastUpgradeCheck = 1620;
				TargetAttributes = {
					4D71D9792D958717004E38AE = {
						CreatedOnToolsVersion = 16.2;
					};
				};
			};
			buildConfigurationList = 4D71D9752D958717004E38AE /* Build configuration list for PBXProject "MEOWIARY" */;
			developmentRegion = en;
			hasScannedForEncodings = 0;
			knownRegions = (
				en,
				Base,
			);
			mainGroup = 4D71D9712D958717004E38AE;
			minimizedProjectReferenceProxies = 1;
			packageReferences = (
				4D02697F2D99521C00572EA7 /* XCRemoteSwiftPackageReference "RxSwift" */,
				4D0269842D99523500572EA7 /* XCRemoteSwiftPackageReference "SnapKit" */,
				4D0269872D99525100572EA7 /* XCRemoteSwiftPackageReference "Kingfisher" */,
				4D02698A2D99527E00572EA7 /* XCRemoteSwiftPackageReference "realm-swift" */,
				4D0269A42D995C9C00572EA7 /* XCRemoteSwiftPackageReference "Alamofire" */,
			);
			preferredProjectObjectVersion = 77;
			productRefGroup = 4D71D97B2D958717004E38AE /* Products */;
			projectDirPath = "";
			projectReferences = (
				{
					ProductGroup = 4D5225E22D9DFA210013C29C /* Products */;
					ProjectRef = 4D5225E12D9DFA210013C29C /* MEOWIARY.xcodeproj */;
				},
			);
			projectRoot = "";
			targets = (
				4D71D9792D958717004E38AE /* MEOWIARY */,
			);
		};
/* End PBXProject section */

/* Begin PBXResourcesBuildPhase section */
		4D71D9782D958717004E38AE /* Resources */ = {
			isa = PBXResourcesBuildPhase;
			buildActionMask = 2147483647;
			files = (
				4D71DA342D95873C004E38AE /* README.md in Resources */,
			);
			runOnlyForDeploymentPostprocessing = 0;
		};
/* End PBXResourcesBuildPhase section */

/* Begin PBXSourcesBuildPhase section */
		4D71D9762D958717004E38AE /* Sources */ = {
			isa = PBXSourcesBuildPhase;
			buildActionMask = 2147483647;
			files = (
				4D06C7722D999BA0006BB756 /* APIKey.swift in Sources */,
			);
			runOnlyForDeploymentPostprocessing = 0;
		};
/* End PBXSourcesBuildPhase section */

/* Begin XCBuildConfiguration section */
		4D71D98E2D958719004E38AE /* Debug */ = {
			isa = XCBuildConfiguration;
			buildSettings = {
				ASSETCATALOG_COMPILER_APPICON_NAME = AppIcon;
				ASSETCATALOG_COMPILER_GLOBAL_ACCENT_COLOR_NAME = AccentColor;
				CODE_SIGN_STYLE = Automatic;
				CURRENT_PROJECT_VERSION = 1;
				DEVELOPMENT_TEAM = Z388Z4UCTV;
				GENERATE_INFOPLIST_FILE = YES;
				INFOPLIST_FILE = MEOWIARY/Application/Info.plist;
				INFOPLIST_KEY_CFBundleDisplayName = MEOWIARY;
				INFOPLIST_KEY_LSApplicationCategoryType = "public.app-category.lifestyle";
				INFOPLIST_KEY_UIApplicationSupportsIndirectInputEvents = YES;
				INFOPLIST_KEY_UILaunchStoryboardName = LaunchScreen;
				INFOPLIST_KEY_UIMainStoryboardFile = "";
				INFOPLIST_KEY_UISupportedInterfaceOrientations = UIInterfaceOrientationPortrait;
				INFOPLIST_KEY_UISupportedInterfaceOrientations_iPad = "UIInterfaceOrientationLandscapeLeft UIInterfaceOrientationLandscapeRight UIInterfaceOrientationPortrait UIInterfaceOrientationPortraitUpsideDown";
				IPHONEOS_DEPLOYMENT_TARGET = 15.6;
				LD_RUNPATH_SEARCH_PATHS = (
					"$(inherited)",
					"@executable_path/Frameworks",
				);
				MARKETING_VERSION = 1.0;
				PRODUCT_BUNDLE_IDENTIFIER = com.kwonws.MEOWIARY;
				PRODUCT_NAME = "$(TARGET_NAME)";
				SUPPORTED_PLATFORMS = "iphoneos iphonesimulator";
				SUPPORTS_MACCATALYST = NO;
				SUPPORTS_MAC_DESIGNED_FOR_IPHONE_IPAD = NO;
				SUPPORTS_XR_DESIGNED_FOR_IPHONE_IPAD = NO;
				SWIFT_EMIT_LOC_STRINGS = YES;
				SWIFT_VERSION = 5.0;
				TARGETED_DEVICE_FAMILY = 1;
			};
			name = Debug;
		};
		4D71D98F2D958719004E38AE /* Release */ = {
			isa = XCBuildConfiguration;
			buildSettings = {
				ASSETCATALOG_COMPILER_APPICON_NAME = AppIcon;
				ASSETCATALOG_COMPILER_GLOBAL_ACCENT_COLOR_NAME = AccentColor;
				CODE_SIGN_STYLE = Automatic;
				CURRENT_PROJECT_VERSION = 1;
				DEVELOPMENT_TEAM = Z388Z4UCTV;
				GENERATE_INFOPLIST_FILE = YES;
				INFOPLIST_FILE = MEOWIARY/Application/Info.plist;
				INFOPLIST_KEY_CFBundleDisplayName = MEOWIARY;
				INFOPLIST_KEY_LSApplicationCategoryType = "public.app-category.lifestyle";
				INFOPLIST_KEY_UIApplicationSupportsIndirectInputEvents = YES;
				INFOPLIST_KEY_UILaunchStoryboardName = LaunchScreen;
				INFOPLIST_KEY_UIMainStoryboardFile = "";
				INFOPLIST_KEY_UISupportedInterfaceOrientations = UIInterfaceOrientationPortrait;
				INFOPLIST_KEY_UISupportedInterfaceOrientations_iPad = "UIInterfaceOrientationLandscapeLeft UIInterfaceOrientationLandscapeRight UIInterfaceOrientationPortrait UIInterfaceOrientationPortraitUpsideDown";
				IPHONEOS_DEPLOYMENT_TARGET = 15.6;
				LD_RUNPATH_SEARCH_PATHS = (
					"$(inherited)",
					"@executable_path/Frameworks",
				);
				MARKETING_VERSION = 1.0;
				PRODUCT_BUNDLE_IDENTIFIER = com.kwonws.MEOWIARY;
				PRODUCT_NAME = "$(TARGET_NAME)";
				SUPPORTED_PLATFORMS = "iphoneos iphonesimulator";
				SUPPORTS_MACCATALYST = NO;
				SUPPORTS_MAC_DESIGNED_FOR_IPHONE_IPAD = NO;
				SUPPORTS_XR_DESIGNED_FOR_IPHONE_IPAD = NO;
				SWIFT_EMIT_LOC_STRINGS = YES;
				SWIFT_VERSION = 5.0;
				TARGETED_DEVICE_FAMILY = 1;
			};
			name = Release;
		};
		4D71D9902D958719004E38AE /* Debug */ = {
			isa = XCBuildConfiguration;
			buildSettings = {
				ALWAYS_SEARCH_USER_PATHS = NO;
				ASSETCATALOG_COMPILER_GENERATE_SWIFT_ASSET_SYMBOL_EXTENSIONS = YES;
				CLANG_ANALYZER_NONNULL = YES;
				CLANG_ANALYZER_NUMBER_OBJECT_CONVERSION = YES_AGGRESSIVE;
				CLANG_CXX_LANGUAGE_STANDARD = "gnu++20";
				CLANG_ENABLE_MODULES = YES;
				CLANG_ENABLE_OBJC_ARC = YES;
				CLANG_ENABLE_OBJC_WEAK = YES;
				CLANG_WARN_BLOCK_CAPTURE_AUTORELEASING = YES;
				CLANG_WARN_BOOL_CONVERSION = YES;
				CLANG_WARN_COMMA = YES;
				CLANG_WARN_CONSTANT_CONVERSION = YES;
				CLANG_WARN_DEPRECATED_OBJC_IMPLEMENTATIONS = YES;
				CLANG_WARN_DIRECT_OBJC_ISA_USAGE = YES_ERROR;
				CLANG_WARN_DOCUMENTATION_COMMENTS = YES;
				CLANG_WARN_EMPTY_BODY = YES;
				CLANG_WARN_ENUM_CONVERSION = YES;
				CLANG_WARN_INFINITE_RECURSION = YES;
				CLANG_WARN_INT_CONVERSION = YES;
				CLANG_WARN_NON_LITERAL_NULL_CONVERSION = YES;
				CLANG_WARN_OBJC_IMPLICIT_RETAIN_SELF = YES;
				CLANG_WARN_OBJC_LITERAL_CONVERSION = YES;
				CLANG_WARN_OBJC_ROOT_CLASS = YES_ERROR;
				CLANG_WARN_QUOTED_INCLUDE_IN_FRAMEWORK_HEADER = YES;
				CLANG_WARN_RANGE_LOOP_ANALYSIS = YES;
				CLANG_WARN_STRICT_PROTOTYPES = YES;
				CLANG_WARN_SUSPICIOUS_MOVE = YES;
				CLANG_WARN_UNGUARDED_AVAILABILITY = YES_AGGRESSIVE;
				CLANG_WARN_UNREACHABLE_CODE = YES;
				CLANG_WARN__DUPLICATE_METHOD_MATCH = YES;
				COPY_PHASE_STRIP = NO;
				DEBUG_INFORMATION_FORMAT = dwarf;
				ENABLE_STRICT_OBJC_MSGSEND = YES;
				ENABLE_TESTABILITY = YES;
				ENABLE_USER_SCRIPT_SANDBOXING = YES;
				GCC_C_LANGUAGE_STANDARD = gnu17;
				GCC_DYNAMIC_NO_PIC = NO;
				GCC_NO_COMMON_BLOCKS = YES;
				GCC_OPTIMIZATION_LEVEL = 0;
				GCC_PREPROCESSOR_DEFINITIONS = (
					"DEBUG=1",
					"$(inherited)",
				);
				GCC_WARN_64_TO_32_BIT_CONVERSION = YES;
				GCC_WARN_ABOUT_RETURN_TYPE = YES_ERROR;
				GCC_WARN_UNDECLARED_SELECTOR = YES;
				GCC_WARN_UNINITIALIZED_AUTOS = YES_AGGRESSIVE;
				GCC_WARN_UNUSED_FUNCTION = YES;
				GCC_WARN_UNUSED_VARIABLE = YES;
				IPHONEOS_DEPLOYMENT_TARGET = 18.2;
				LOCALIZATION_PREFERS_STRING_CATALOGS = YES;
				MTL_ENABLE_DEBUG_INFO = INCLUDE_SOURCE;
				MTL_FAST_MATH = YES;
				ONLY_ACTIVE_ARCH = YES;
				SDKROOT = iphoneos;
				SWIFT_ACTIVE_COMPILATION_CONDITIONS = "DEBUG $(inherited)";
				SWIFT_OPTIMIZATION_LEVEL = "-Onone";
			};
			name = Debug;
		};
		4D71D9912D958719004E38AE /* Release */ = {
			isa = XCBuildConfiguration;
			buildSettings = {
				ALWAYS_SEARCH_USER_PATHS = NO;
				ASSETCATALOG_COMPILER_GENERATE_SWIFT_ASSET_SYMBOL_EXTENSIONS = YES;
				CLANG_ANALYZER_NONNULL = YES;
				CLANG_ANALYZER_NUMBER_OBJECT_CONVERSION = YES_AGGRESSIVE;
				CLANG_CXX_LANGUAGE_STANDARD = "gnu++20";
				CLANG_ENABLE_MODULES = YES;
				CLANG_ENABLE_OBJC_ARC = YES;
				CLANG_ENABLE_OBJC_WEAK = YES;
				CLANG_WARN_BLOCK_CAPTURE_AUTORELEASING = YES;
				CLANG_WARN_BOOL_CONVERSION = YES;
				CLANG_WARN_COMMA = YES;
				CLANG_WARN_CONSTANT_CONVERSION = YES;
				CLANG_WARN_DEPRECATED_OBJC_IMPLEMENTATIONS = YES;
				CLANG_WARN_DIRECT_OBJC_ISA_USAGE = YES_ERROR;
				CLANG_WARN_DOCUMENTATION_COMMENTS = YES;
				CLANG_WARN_EMPTY_BODY = YES;
				CLANG_WARN_ENUM_CONVERSION = YES;
				CLANG_WARN_INFINITE_RECURSION = YES;
				CLANG_WARN_INT_CONVERSION = YES;
				CLANG_WARN_NON_LITERAL_NULL_CONVERSION = YES;
				CLANG_WARN_OBJC_IMPLICIT_RETAIN_SELF = YES;
				CLANG_WARN_OBJC_LITERAL_CONVERSION = YES;
				CLANG_WARN_OBJC_ROOT_CLASS = YES_ERROR;
				CLANG_WARN_QUOTED_INCLUDE_IN_FRAMEWORK_HEADER = YES;
				CLANG_WARN_RANGE_LOOP_ANALYSIS = YES;
				CLANG_WARN_STRICT_PROTOTYPES = YES;
				CLANG_WARN_SUSPICIOUS_MOVE = YES;
				CLANG_WARN_UNGUARDED_AVAILABILITY = YES_AGGRESSIVE;
				CLANG_WARN_UNREACHABLE_CODE = YES;
				CLANG_WARN__DUPLICATE_METHOD_MATCH = YES;
				COPY_PHASE_STRIP = NO;
				DEBUG_INFORMATION_FORMAT = "dwarf-with-dsym";
				ENABLE_NS_ASSERTIONS = NO;
				ENABLE_STRICT_OBJC_MSGSEND = YES;
				ENABLE_USER_SCRIPT_SANDBOXING = YES;
				GCC_C_LANGUAGE_STANDARD = gnu17;
				GCC_NO_COMMON_BLOCKS = YES;
				GCC_WARN_64_TO_32_BIT_CONVERSION = YES;
				GCC_WARN_ABOUT_RETURN_TYPE = YES_ERROR;
				GCC_WARN_UNDECLARED_SELECTOR = YES;
				GCC_WARN_UNINITIALIZED_AUTOS = YES_AGGRESSIVE;
				GCC_WARN_UNUSED_FUNCTION = YES;
				GCC_WARN_UNUSED_VARIABLE = YES;
				IPHONEOS_DEPLOYMENT_TARGET = 18.2;
				LOCALIZATION_PREFERS_STRING_CATALOGS = YES;
				MTL_ENABLE_DEBUG_INFO = NO;
				MTL_FAST_MATH = YES;
				SDKROOT = iphoneos;
				SWIFT_COMPILATION_MODE = wholemodule;
				VALIDATE_PRODUCT = YES;
			};
			name = Release;
		};
/* End XCBuildConfiguration section */

/* Begin XCConfigurationList section */
		4D71D9752D958717004E38AE /* Build configuration list for PBXProject "MEOWIARY" */ = {
			isa = XCConfigurationList;
			buildConfigurations = (
				4D71D9902D958719004E38AE /* Debug */,
				4D71D9912D958719004E38AE /* Release */,
			);
			defaultConfigurationIsVisible = 0;
			defaultConfigurationName = Release;
		};
		4D71D98D2D958719004E38AE /* Build configuration list for PBXNativeTarget "MEOWIARY" */ = {
			isa = XCConfigurationList;
			buildConfigurations = (
				4D71D98E2D958719004E38AE /* Debug */,
				4D71D98F2D958719004E38AE /* Release */,
			);
			defaultConfigurationIsVisible = 0;
			defaultConfigurationName = Release;
		};
/* End XCConfigurationList section */

/* Begin XCRemoteSwiftPackageReference section */
		4D02697F2D99521C00572EA7 /* XCRemoteSwiftPackageReference "RxSwift" */ = {
			isa = XCRemoteSwiftPackageReference;
			repositoryURL = "https://github.com/ReactiveX/RxSwift.git";
			requirement = {
				kind = upToNextMajorVersion;
				minimumVersion = 6.9.0;
			};
		};
		4D0269842D99523500572EA7 /* XCRemoteSwiftPackageReference "SnapKit" */ = {
			isa = XCRemoteSwiftPackageReference;
			repositoryURL = "https://github.com/SnapKit/SnapKit";
			requirement = {
				kind = upToNextMajorVersion;
				minimumVersion = 5.7.1;
			};
		};
		4D0269872D99525100572EA7 /* XCRemoteSwiftPackageReference "Kingfisher" */ = {
			isa = XCRemoteSwiftPackageReference;
			repositoryURL = "https://github.com/onevcat/Kingfisher";
			requirement = {
				kind = upToNextMajorVersion;
				minimumVersion = 8.3.1;
			};
		};
		4D02698A2D99527E00572EA7 /* XCRemoteSwiftPackageReference "realm-swift" */ = {
			isa = XCRemoteSwiftPackageReference;
			repositoryURL = "https://github.com/realm/realm-swift.git";
			requirement = {
				kind = exactVersion;
				version = 20.0.1;
			};
		};
		4D0269A42D995C9C00572EA7 /* XCRemoteSwiftPackageReference "Alamofire" */ = {
			isa = XCRemoteSwiftPackageReference;
			repositoryURL = "https://github.com/Alamofire/Alamofire";
			requirement = {
				kind = upToNextMajorVersion;
				minimumVersion = 5.10.2;
			};
		};
/* End XCRemoteSwiftPackageReference section */

/* Begin XCSwiftPackageProductDependency section */
		4D0269802D99521C00572EA7 /* RxCocoa */ = {
			isa = XCSwiftPackageProductDependency;
			package = 4D02697F2D99521C00572EA7 /* XCRemoteSwiftPackageReference "RxSwift" */;
			productName = RxCocoa;
		};
		4D0269822D99521C00572EA7 /* RxSwift */ = {
			isa = XCSwiftPackageProductDependency;
			package = 4D02697F2D99521C00572EA7 /* XCRemoteSwiftPackageReference "RxSwift" */;
			productName = RxSwift;
		};
		4D0269852D99523500572EA7 /* SnapKit */ = {
			isa = XCSwiftPackageProductDependency;
			package = 4D0269842D99523500572EA7 /* XCRemoteSwiftPackageReference "SnapKit" */;
			productName = SnapKit;
		};
		4D0269882D99525100572EA7 /* Kingfisher */ = {
			isa = XCSwiftPackageProductDependency;
			package = 4D0269872D99525100572EA7 /* XCRemoteSwiftPackageReference "Kingfisher" */;
			productName = Kingfisher;
		};
		4D02698B2D99527E00572EA7 /* RealmSwift */ = {
			isa = XCSwiftPackageProductDependency;
			package = 4D02698A2D99527E00572EA7 /* XCRemoteSwiftPackageReference "realm-swift" */;
			productName = RealmSwift;
		};
		4D0269A52D995C9C00572EA7 /* Alamofire */ = {
			isa = XCSwiftPackageProductDependency;
			package = 4D0269A42D995C9C00572EA7 /* XCRemoteSwiftPackageReference "Alamofire" */;
			productName = Alamofire;
		};
/* End XCSwiftPackageProductDependency section */
	};
	rootObject = 4D71D9722D958717004E38AE /* Project object */;
}
